
Microsoft Visual Studio Solution File, Format Version 12.00
# Visual Studio Express 15 for Windows Desktop
VisualStudioVersion = 15.0.28010.2016
MinimumVisualStudioVersion = 10.0.40219.1
Project("{FAE04EC0-301F-11D3-BF4B-00C04F79EFBC}") = "MiCalculadora", "MiCalculadora\MiCalculadora.csproj", "{3C3017BC-AF8A-4CE9-8617-52489239D0C2}"
EndProject
Project("{FAE04EC0-301F-11D3-BF4B-00C04F79EFBC}") = "Entidades", "Entidades\Entidades.csproj", "{6F1252E8-9560-4AAF-A059-6E7BA113795C}"
EndProject
Global
	GlobalSection(SolutionConfigurationPlatforms) = preSolution
		Debug|Any CPU = Debug|Any CPU
		Release|Any CPU = Release|Any CPU
	EndGlobalSection
	GlobalSection(ProjectConfigurationPlatforms) = postSolution
		{3C3017BC-AF8A-4CE9-8617-52489239D0C2}.Debug|Any CPU.ActiveCfg = Debug|Any CPU
		{3C3017BC-AF8A-4CE9-8617-52489239D0C2}.Debug|Any CPU.Build.0 = Debug|Any CPU
		{3C3017BC-AF8A-4CE9-8617-52489239D0C2}.Release|Any CPU.ActiveCfg = Release|Any CPU
		{3C3017BC-AF8A-4CE9-8617-52489239D0C2}.Release|Any CPU.Build.0 = Release|Any CPU
		{6F1252E8-9560-4AAF-A059-6E7BA113795C}.Debug|Any CPU.ActiveCfg = Debug|Any CPU
		{6F1252E8-9560-4AAF-A059-6E7BA113795C}.Debug|Any CPU.Build.0 = Debug|Any CPU
		{6F1252E8-9560-4AAF-A059-6E7BA113795C}.Release|Any CPU.ActiveCfg = Release|Any CPU
		{6F1252E8-9560-4AAF-A059-6E7BA113795C}.Release|Any CPU.Build.0 = Release|Any CPU
	EndGlobalSection
	GlobalSection(SolutionProperties) = preSolution
		HideSolutionNode = FALSE
	EndGlobalSection
	GlobalSection(ExtensibilityGlobals) = postSolution
		SolutionGuid = {0665B68D-06CF-40C7-AC85-FFED646C5329}
	EndGlobalSection
EndGlobal
